
Microsoft Visual Studio Solution File, Format Version 12.00
# Visual Studio Version 16
VisualStudioVersion = 16.0.30717.126
MinimumVisualStudioVersion = 10.0.40219.1
Project("{FAE04EC0-301F-11D3-BF4B-00C04F79EFBC}") = "SegundaClase.Consola", "SegundaClase.Consola\SegundaClase.Consola.csproj", "{2DBFE566-7FB9-4C75-AF0C-D3ED9D214C59}"
EndProject
Global
	GlobalSection(SolutionConfigurationPlatforms) = preSolution
		Debug|Any CPU = Debug|Any CPU
		Release|Any CPU = Release|Any CPU
	EndGlobalSection
	GlobalSection(ProjectConfigurationPlatforms) = postSolution
		{2DBFE566-7FB9-4C75-AF0C-D3ED9D214C59}.Debug|Any CPU.ActiveCfg = Debug|Any CPU
		{2DBFE566-7FB9-4C75-AF0C-D3ED9D214C59}.Debug|Any CPU.Build.0 = Debug|Any CPU
		{2DBFE566-7FB9-4C75-AF0C-D3ED9D214C59}.Release|Any CPU.ActiveCfg = Release|Any CPU
		{2DBFE566-7FB9-4C75-AF0C-D3ED9D214C59}.Release|Any CPU.Build.0 = Release|Any CPU
	EndGlobalSection
	GlobalSection(SolutionProperties) = preSolution
		HideSolutionNode = FALSE
	EndGlobalSection
	GlobalSection(ExtensibilityGlobals) = postSolution
		SolutionGuid = {6735BDF6-6C5C-49B6-8E71-DAB1676F0A9E}
	EndGlobalSection
EndGlobal
